
Microsoft Visual Studio Solution File, Format Version 12.00
# Visual Studio Version 17
VisualStudioVersion = 17.7.34202.233
MinimumVisualStudioVersion = 10.0.40219.1
Project("{FAE04EC0-301F-11D3-BF4B-00C04F79EFBC}") = "EmployeeDetails", "EmployeeDetails\EmployeeDetails.csproj", "{F7D0D0E1-A890-4448-ADD0-E6D5E9637DBF}"
EndProject
Global
	GlobalSection(SolutionConfigurationPlatforms) = preSolution
		Debug|Any CPU = Debug|Any CPU
		Release|Any CPU = Release|Any CPU
	EndGlobalSection
	GlobalSection(ProjectConfigurationPlatforms) = postSolution
		{F7D0D0E1-A890-4448-ADD0-E6D5E9637DBF}.Debug|Any CPU.ActiveCfg = Debug|Any CPU
		{F7D0D0E1-A890-4448-ADD0-E6D5E9637DBF}.Debug|Any CPU.Build.0 = Debug|Any CPU
		{F7D0D0E1-A890-4448-ADD0-E6D5E9637DBF}.Release|Any CPU.ActiveCfg = Release|Any CPU
		{F7D0D0E1-A890-4448-ADD0-E6D5E9637DBF}.Release|Any CPU.Build.0 = Release|Any CPU
	EndGlobalSection
	GlobalSection(SolutionProperties) = preSolution
		HideSolutionNode = FALSE
	EndGlobalSection
	GlobalSection(ExtensibilityGlobals) = postSolution
		SolutionGuid = {3B5CCCB8-4A25-46B3-BCFC-75535967E529}
	EndGlobalSection
EndGlobal
